
Microsoft Visual Studio Solution File, Format Version 12.00
# Visual Studio Version 16
VisualStudioVersion = 16.0.30611.23
MinimumVisualStudioVersion = 10.0.40219.1
Project("{FAE04EC0-301F-11D3-BF4B-00C04F79EFBC}") = "Raindrops", "Raindrops\Raindrops.csproj", "{D23B65A1-4E73-4211-B97F-93336D12AD22}"
EndProject
Global
	GlobalSection(SolutionConfigurationPlatforms) = preSolution
		Debug|Any CPU = Debug|Any CPU
		Release|Any CPU = Release|Any CPU
	EndGlobalSection
	GlobalSection(ProjectConfigurationPlatforms) = postSolution
		{D23B65A1-4E73-4211-B97F-93336D12AD22}.Debug|Any CPU.ActiveCfg = Debug|Any CPU
		{D23B65A1-4E73-4211-B97F-93336D12AD22}.Debug|Any CPU.Build.0 = Debug|Any CPU
		{D23B65A1-4E73-4211-B97F-93336D12AD22}.Release|Any CPU.ActiveCfg = Release|Any CPU
		{D23B65A1-4E73-4211-B97F-93336D12AD22}.Release|Any CPU.Build.0 = Release|Any CPU
	EndGlobalSection
	GlobalSection(SolutionProperties) = preSolution
		HideSolutionNode = FALSE
	EndGlobalSection
	GlobalSection(ExtensibilityGlobals) = postSolution
		SolutionGuid = {913F11B3-C4D2-43C7-B36A-AB2CB016CC28}
	EndGlobalSection
EndGlobal
